
Microsoft Visual Studio Solution File, Format Version 12.00
# Visual Studio Version 17
VisualStudioVersion = 17.14.36212.18
MinimumVisualStudioVersion = 10.0.40219.1
Project("{FAE04EC0-301F-11D3-BF4B-00C04F79EFBC}") = "Practical.NCalc", "Practical.NCalc\Practical.NCalc.csproj", "{DA829FAA-DDE8-4D45-AA17-742A388500EC}"
EndProject
Project("{FAE04EC0-301F-11D3-BF4B-00C04F79EFBC}") = "Practical.NCalc.Tests", "Practical.NCalc.Tests\Practical.NCalc.Tests.csproj", "{E6F04291-57D7-47F2-8E88-2D82C9BB6961}"
EndProject
Global
	GlobalSection(SolutionConfigurationPlatforms) = preSolution
		Debug|Any CPU = Debug|Any CPU
		Release|Any CPU = Release|Any CPU
	EndGlobalSection
	GlobalSection(ProjectConfigurationPlatforms) = postSolution
		{DA829FAA-DDE8-4D45-AA17-742A388500EC}.Debug|Any CPU.ActiveCfg = Debug|Any CPU
		{DA829FAA-DDE8-4D45-AA17-742A388500EC}.Debug|Any CPU.Build.0 = Debug|Any CPU
		{DA829FAA-DDE8-4D45-AA17-742A388500EC}.Release|Any CPU.ActiveCfg = Release|Any CPU
		{DA829FAA-DDE8-4D45-AA17-742A388500EC}.Release|Any CPU.Build.0 = Release|Any CPU
		{E6F04291-57D7-47F2-8E88-2D82C9BB6961}.Debug|Any CPU.ActiveCfg = Debug|Any CPU
		{E6F04291-57D7-47F2-8E88-2D82C9BB6961}.Debug|Any CPU.Build.0 = Debug|Any CPU
		{E6F04291-57D7-47F2-8E88-2D82C9BB6961}.Release|Any CPU.ActiveCfg = Release|Any CPU
		{E6F04291-57D7-47F2-8E88-2D82C9BB6961}.Release|Any CPU.Build.0 = Release|Any CPU
	EndGlobalSection
	GlobalSection(SolutionProperties) = preSolution
		HideSolutionNode = FALSE
	EndGlobalSection
	GlobalSection(ExtensibilityGlobals) = postSolution
		SolutionGuid = {FDEDCDDF-3453-48DF-ADEC-A5677A6F2E72}
	EndGlobalSection
EndGlobal
